# THIS IS AN AUTOGENERATED FILE. DO NOT EDIT THIS FILE DIRECTLY.
# yarn lockfile v1


async@^2.6.1:
  version "2.6.1"
  resolved "https://registry.yarnpkg.com/async/-/async-2.6.1.tgz#b245a23ca71930044ec53fa46aa00a3e87c6a610"
  integrity sha512-fNEiL2+AZt6AlAw/29Cr0UDe4sRAHCpEHh54WMz+Bb7QfNcFw4h3loofyJpLeQs4Yx7yuqu/2dLgM5hKOs6HlQ==
  dependencies:
    lodash "^4.17.10"

canvas@^1.6.12:
  version "1.6.12"
  resolved "https://registry.yarnpkg.com/canvas/-/canvas-1.6.12.tgz#9ab02cdb6b543ae6705f566e33f9407625da901e"
  integrity sha512-ssgSavCsdemQYCx2ytzl/KZnFthdMm7OhJw2D8DWiyoSrl5WpY4ghJ/zTghs+4Ck08WFaLqwWUKFdjRO9CJyRg==
  dependencies:
    nan "^2.10.0"

lodash@^4.17.10, lodash@^4.17.13:
  version "4.17.13"
  resolved "https://registry.yarnpkg.com/lodash/-/lodash-4.17.13.tgz#0bdc3a6adc873d2f4e0c4bac285df91b64fc7b93"
  integrity sha512-vm3/XWXfWtRua0FkUyEHBZy8kCPjErNBT9fJx8Zvs+U6zjqPbTUOpkaoum3O5uiA8sm+yNMHXfYkTUHFoMxFNA==

nan@^2.10.0:
  version "2.11.1"
  resolved "https://registry.yarnpkg.com/nan/-/nan-2.11.1.tgz#90e22bccb8ca57ea4cd37cc83d3819b52eea6766"
  integrity sha512-iji6k87OSXa0CcrLl9z+ZiYSuR2o+c0bGuNmXdrhTQTakxytAFsC56SArGYoiHlJlFoHSnvmhpceZJaXkVuOtA==
